
Microsoft Visual Studio Solution File, Format Version 12.00
# Visual Studio Version 17
VisualStudioVersion = 17.5.33424.131
MinimumVisualStudioVersion = 10.0.40219.1
Project("{FAE04EC0-301F-11D3-BF4B-00C04F79EFBC}") = "Hello", "Hello\Hello.csproj", "{E428B864-DD74-4E07-A905-7A70FF63A546}"
EndProject
Global
	GlobalSection(SolutionConfigurationPlatforms) = preSolution
		Debug|Any CPU = Debug|Any CPU
		Release|Any CPU = Release|Any CPU
	EndGlobalSection
	GlobalSection(ProjectConfigurationPlatforms) = postSolution
		{E428B864-DD74-4E07-A905-7A70FF63A546}.Debug|Any CPU.ActiveCfg = Debug|Any CPU
		{E428B864-DD74-4E07-A905-7A70FF63A546}.Debug|Any CPU.Build.0 = Debug|Any CPU
		{E428B864-DD74-4E07-A905-7A70FF63A546}.Release|Any CPU.ActiveCfg = Release|Any CPU
		{E428B864-DD74-4E07-A905-7A70FF63A546}.Release|Any CPU.Build.0 = Release|Any CPU
	EndGlobalSection
	GlobalSection(SolutionProperties) = preSolution
		HideSolutionNode = FALSE
	EndGlobalSection
	GlobalSection(ExtensibilityGlobals) = postSolution
		SolutionGuid = {BB50E20D-0993-4249-9FDF-AC52AFE6CAEE}
	EndGlobalSection
EndGlobal
