
Microsoft Visual Studio Solution File, Format Version 12.00
# Visual Studio Version 17
VisualStudioVersion = 17.5.33424.131
MinimumVisualStudioVersion = 10.0.40219.1
Project("{FAE04EC0-301F-11D3-BF4B-00C04F79EFBC}") = "2023_11_14", "2023_11_14\2023_11_14.csproj", "{99ADC9EA-37A5-4064-88CD-C1EA5A463851}"
EndProject
Global
	GlobalSection(SolutionConfigurationPlatforms) = preSolution
		Debug|Any CPU = Debug|Any CPU
		Release|Any CPU = Release|Any CPU
	EndGlobalSection
	GlobalSection(ProjectConfigurationPlatforms) = postSolution
		{99ADC9EA-37A5-4064-88CD-C1EA5A463851}.Debug|Any CPU.ActiveCfg = Debug|Any CPU
		{99ADC9EA-37A5-4064-88CD-C1EA5A463851}.Debug|Any CPU.Build.0 = Debug|Any CPU
		{99ADC9EA-37A5-4064-88CD-C1EA5A463851}.Release|Any CPU.ActiveCfg = Release|Any CPU
		{99ADC9EA-37A5-4064-88CD-C1EA5A463851}.Release|Any CPU.Build.0 = Release|Any CPU
	EndGlobalSection
	GlobalSection(SolutionProperties) = preSolution
		HideSolutionNode = FALSE
	EndGlobalSection
	GlobalSection(ExtensibilityGlobals) = postSolution
		SolutionGuid = {47C14B36-5EFA-4B55-B151-6BED5559DCD3}
	EndGlobalSection
EndGlobal
